
Microsoft Visual Studio Solution File, Format Version 12.00
# Visual Studio Version 17
VisualStudioVersion = 17.13.35828.75 d17.13
MinimumVisualStudioVersion = 10.0.40219.1
Project("{FAE04EC0-301F-11D3-BF4B-00C04F79EFBC}") = "Aula0204", "Aula0204\Aula0204.csproj", "{D41406C2-F617-4D32-B24D-36F7B5717621}"
EndProject
Global
	GlobalSection(SolutionConfigurationPlatforms) = preSolution
		Debug|Any CPU = Debug|Any CPU
		Release|Any CPU = Release|Any CPU
	EndGlobalSection
	GlobalSection(ProjectConfigurationPlatforms) = postSolution
		{D41406C2-F617-4D32-B24D-36F7B5717621}.Debug|Any CPU.ActiveCfg = Debug|Any CPU
		{D41406C2-F617-4D32-B24D-36F7B5717621}.Debug|Any CPU.Build.0 = Debug|Any CPU
		{D41406C2-F617-4D32-B24D-36F7B5717621}.Release|Any CPU.ActiveCfg = Release|Any CPU
		{D41406C2-F617-4D32-B24D-36F7B5717621}.Release|Any CPU.Build.0 = Release|Any CPU
	EndGlobalSection
	GlobalSection(SolutionProperties) = preSolution
		HideSolutionNode = FALSE
	EndGlobalSection
	GlobalSection(ExtensibilityGlobals) = postSolution
		SolutionGuid = {871FE4EA-9E97-4644-8C67-14AE95C02108}
	EndGlobalSection
EndGlobal
